
Microsoft Visual Studio Solution File, Format Version 12.00
# Visual Studio 15
VisualStudioVersion = 15.0.27703.2018
MinimumVisualStudioVersion = 10.0.40219.1
Project("{A0786B88-2ADB-4C21-ABE8-AA2D79766269}") = "ChopeTaBiere", "ChopeTaBiere.phpproj", "{3F2B14D3-40AD-4829-A802-4060E6016CAA}"
EndProject
Global
	GlobalSection(SolutionConfigurationPlatforms) = preSolution
		Debug|Any CPU = Debug|Any CPU
		Release|Any CPU = Release|Any CPU
	EndGlobalSection
	GlobalSection(ProjectConfigurationPlatforms) = postSolution
		{3F2B14D3-40AD-4829-A802-4060E6016CAA}.Debug|Any CPU.ActiveCfg = Debug|Any CPU
		{3F2B14D3-40AD-4829-A802-4060E6016CAA}.Release|Any CPU.ActiveCfg = Release|Any CPU
	EndGlobalSection
	GlobalSection(SolutionProperties) = preSolution
		HideSolutionNode = FALSE
	EndGlobalSection
	GlobalSection(ExtensibilityGlobals) = postSolution
		SolutionGuid = {019CE3F9-DC16-4D0C-B484-365756194355}
	EndGlobalSection
EndGlobal
